
Microsoft Visual Studio Solution File, Format Version 12.00
# Visual Studio Version 17
VisualStudioVersion = 17.6.33723.286
MinimumVisualStudioVersion = 10.0.40219.1
Project("{FAE04EC0-301F-11D3-BF4B-00C04F79EFBC}") = "User.API", "User.API\User.API.csproj", "{D6ACC0AA-7598-4B21-9E3F-077B4A6C753F}"
EndProject
Project("{FAE04EC0-301F-11D3-BF4B-00C04F79EFBC}") = "User.Domain", "User.Domain\User.Domain.csproj", "{198FD7AD-166C-4539-8F58-9B72AE986675}"
EndProject
Project("{FAE04EC0-301F-11D3-BF4B-00C04F79EFBC}") = "User.Infraestructure", "User.Infraestructure\User.Infraestructure.csproj", "{B4AA614A-E2C7-4DD0-B5CB-26DE248E92FA}"
EndProject
Global
	GlobalSection(SolutionConfigurationPlatforms) = preSolution
		Debug|Any CPU = Debug|Any CPU
		Release|Any CPU = Release|Any CPU
	EndGlobalSection
	GlobalSection(ProjectConfigurationPlatforms) = postSolution
		{D6ACC0AA-7598-4B21-9E3F-077B4A6C753F}.Debug|Any CPU.ActiveCfg = Debug|Any CPU
		{D6ACC0AA-7598-4B21-9E3F-077B4A6C753F}.Debug|Any CPU.Build.0 = Debug|Any CPU
		{D6ACC0AA-7598-4B21-9E3F-077B4A6C753F}.Release|Any CPU.ActiveCfg = Release|Any CPU
		{D6ACC0AA-7598-4B21-9E3F-077B4A6C753F}.Release|Any CPU.Build.0 = Release|Any CPU
		{198FD7AD-166C-4539-8F58-9B72AE986675}.Debug|Any CPU.ActiveCfg = Debug|Any CPU
		{198FD7AD-166C-4539-8F58-9B72AE986675}.Debug|Any CPU.Build.0 = Debug|Any CPU
		{198FD7AD-166C-4539-8F58-9B72AE986675}.Release|Any CPU.ActiveCfg = Release|Any CPU
		{198FD7AD-166C-4539-8F58-9B72AE986675}.Release|Any CPU.Build.0 = Release|Any CPU
		{B4AA614A-E2C7-4DD0-B5CB-26DE248E92FA}.Debug|Any CPU.ActiveCfg = Debug|Any CPU
		{B4AA614A-E2C7-4DD0-B5CB-26DE248E92FA}.Debug|Any CPU.Build.0 = Debug|Any CPU
		{B4AA614A-E2C7-4DD0-B5CB-26DE248E92FA}.Release|Any CPU.ActiveCfg = Release|Any CPU
		{B4AA614A-E2C7-4DD0-B5CB-26DE248E92FA}.Release|Any CPU.Build.0 = Release|Any CPU
	EndGlobalSection
	GlobalSection(SolutionProperties) = preSolution
		HideSolutionNode = FALSE
	EndGlobalSection
	GlobalSection(ExtensibilityGlobals) = postSolution
		SolutionGuid = {F4BAFC18-07C7-47BA-B2B4-421BA3A7FA60}
	EndGlobalSection
EndGlobal
